
Microsoft Visual Studio Solution File, Format Version 12.00
# Visual Studio Version 17
VisualStudioVersion = 17.5.002.0
MinimumVisualStudioVersion = 10.0.40219.1
Project("{2150E333-8FDC-42A3-9474-1A3956D46DE8}") = "src", "src", "{5CDABAE1-995E-4101-A325-D200216D52DA}"
EndProject
Project("{9A19103F-16F7-4668-BE54-9A1E7A4F7556}") = "Play.Common", "src\Play.Common\Play.Common.csproj", "{A74C974E-6A45-4C7B-9E45-E7ED3E7B840C}"
EndProject
Global
	GlobalSection(SolutionConfigurationPlatforms) = preSolution
		Debug|Any CPU = Debug|Any CPU
		Release|Any CPU = Release|Any CPU
	EndGlobalSection
	GlobalSection(ProjectConfigurationPlatforms) = postSolution
		{A74C974E-6A45-4C7B-9E45-E7ED3E7B840C}.Debug|Any CPU.ActiveCfg = Debug|Any CPU
		{A74C974E-6A45-4C7B-9E45-E7ED3E7B840C}.Debug|Any CPU.Build.0 = Debug|Any CPU
		{A74C974E-6A45-4C7B-9E45-E7ED3E7B840C}.Release|Any CPU.ActiveCfg = Release|Any CPU
		{A74C974E-6A45-4C7B-9E45-E7ED3E7B840C}.Release|Any CPU.Build.0 = Release|Any CPU
	EndGlobalSection
	GlobalSection(SolutionProperties) = preSolution
		HideSolutionNode = FALSE
	EndGlobalSection
	GlobalSection(NestedProjects) = preSolution
		{A74C974E-6A45-4C7B-9E45-E7ED3E7B840C} = {5CDABAE1-995E-4101-A325-D200216D52DA}
	EndGlobalSection
	GlobalSection(ExtensibilityGlobals) = postSolution
		SolutionGuid = {150B8E32-B8C0-43DF-8B7A-8612E6920363}
	EndGlobalSection
EndGlobal
